
Microsoft Visual Studio Solution File, Format Version 12.00
# Visual Studio Version 17
VisualStudioVersion = 17.7.34221.43
MinimumVisualStudioVersion = 10.0.40219.1
Project("{FAE04EC0-301F-11D3-BF4B-00C04F79EFBC}") = "CSharpCourse", "CSharpCourse\CSharpCourse.csproj", "{3C1A464A-B70A-46A8-BD40-8EBE2535C00C}"
EndProject
Project("{FAE04EC0-301F-11D3-BF4B-00C04F79EFBC}") = "Strings", "Strings\Strings.csproj", "{060A3DB7-8162-4A52-917C-632CFD832CAA}"
EndProject
Project("{FAE04EC0-301F-11D3-BF4B-00C04F79EFBC}") = "Classes", "Classes\Classes.csproj", "{295C6BF9-DF82-46F9-AD65-E7116C913BB8}"
EndProject
Project("{FAE04EC0-301F-11D3-BF4B-00C04F79EFBC}") = "RecapDemo1", "RecapDemo1\RecapDemo1.csproj", "{BD80A5ED-DE6E-47AC-894F-A3B1BFF05AFC}"
EndProject
Project("{FAE04EC0-301F-11D3-BF4B-00C04F79EFBC}") = "Interfaces", "Interfaces\Interfaces.csproj", "{C2EB26F1-15B4-4914-8A4A-EB5AB84ECFA3}"
EndProject
Project("{FAE04EC0-301F-11D3-BF4B-00C04F79EFBC}") = "InterfacesDemo", "InterfacesDemo\InterfacesDemo.csproj", "{CE2F80F8-AF95-45EE-9744-191C66C359F5}"
EndProject
Project("{FAE04EC0-301F-11D3-BF4B-00C04F79EFBC}") = "homework", "homework\homework.csproj", "{7B0261F1-D314-4CF0-BBA7-BDFBD183344D}"
EndProject
Global
	GlobalSection(SolutionConfigurationPlatforms) = preSolution
		Debug|Any CPU = Debug|Any CPU
		Release|Any CPU = Release|Any CPU
	EndGlobalSection
	GlobalSection(ProjectConfigurationPlatforms) = postSolution
		{3C1A464A-B70A-46A8-BD40-8EBE2535C00C}.Debug|Any CPU.ActiveCfg = Debug|Any CPU
		{3C1A464A-B70A-46A8-BD40-8EBE2535C00C}.Debug|Any CPU.Build.0 = Debug|Any CPU
		{3C1A464A-B70A-46A8-BD40-8EBE2535C00C}.Release|Any CPU.ActiveCfg = Release|Any CPU
		{3C1A464A-B70A-46A8-BD40-8EBE2535C00C}.Release|Any CPU.Build.0 = Release|Any CPU
		{060A3DB7-8162-4A52-917C-632CFD832CAA}.Debug|Any CPU.ActiveCfg = Debug|Any CPU
		{060A3DB7-8162-4A52-917C-632CFD832CAA}.Debug|Any CPU.Build.0 = Debug|Any CPU
		{060A3DB7-8162-4A52-917C-632CFD832CAA}.Release|Any CPU.ActiveCfg = Release|Any CPU
		{060A3DB7-8162-4A52-917C-632CFD832CAA}.Release|Any CPU.Build.0 = Release|Any CPU
		{295C6BF9-DF82-46F9-AD65-E7116C913BB8}.Debug|Any CPU.ActiveCfg = Debug|Any CPU
		{295C6BF9-DF82-46F9-AD65-E7116C913BB8}.Debug|Any CPU.Build.0 = Debug|Any CPU
		{295C6BF9-DF82-46F9-AD65-E7116C913BB8}.Release|Any CPU.ActiveCfg = Release|Any CPU
		{295C6BF9-DF82-46F9-AD65-E7116C913BB8}.Release|Any CPU.Build.0 = Release|Any CPU
		{BD80A5ED-DE6E-47AC-894F-A3B1BFF05AFC}.Debug|Any CPU.ActiveCfg = Debug|Any CPU
		{BD80A5ED-DE6E-47AC-894F-A3B1BFF05AFC}.Debug|Any CPU.Build.0 = Debug|Any CPU
		{BD80A5ED-DE6E-47AC-894F-A3B1BFF05AFC}.Release|Any CPU.ActiveCfg = Release|Any CPU
		{BD80A5ED-DE6E-47AC-894F-A3B1BFF05AFC}.Release|Any CPU.Build.0 = Release|Any CPU
		{C2EB26F1-15B4-4914-8A4A-EB5AB84ECFA3}.Debug|Any CPU.ActiveCfg = Debug|Any CPU
		{C2EB26F1-15B4-4914-8A4A-EB5AB84ECFA3}.Debug|Any CPU.Build.0 = Debug|Any CPU
		{C2EB26F1-15B4-4914-8A4A-EB5AB84ECFA3}.Release|Any CPU.ActiveCfg = Release|Any CPU
		{C2EB26F1-15B4-4914-8A4A-EB5AB84ECFA3}.Release|Any CPU.Build.0 = Release|Any CPU
		{CE2F80F8-AF95-45EE-9744-191C66C359F5}.Debug|Any CPU.ActiveCfg = Debug|Any CPU
		{CE2F80F8-AF95-45EE-9744-191C66C359F5}.Debug|Any CPU.Build.0 = Debug|Any CPU
		{CE2F80F8-AF95-45EE-9744-191C66C359F5}.Release|Any CPU.ActiveCfg = Release|Any CPU
		{CE2F80F8-AF95-45EE-9744-191C66C359F5}.Release|Any CPU.Build.0 = Release|Any CPU
		{7B0261F1-D314-4CF0-BBA7-BDFBD183344D}.Debug|Any CPU.ActiveCfg = Debug|Any CPU
		{7B0261F1-D314-4CF0-BBA7-BDFBD183344D}.Debug|Any CPU.Build.0 = Debug|Any CPU
		{7B0261F1-D314-4CF0-BBA7-BDFBD183344D}.Release|Any CPU.ActiveCfg = Release|Any CPU
		{7B0261F1-D314-4CF0-BBA7-BDFBD183344D}.Release|Any CPU.Build.0 = Release|Any CPU
	EndGlobalSection
	GlobalSection(SolutionProperties) = preSolution
		HideSolutionNode = FALSE
	EndGlobalSection
	GlobalSection(ExtensibilityGlobals) = postSolution
		SolutionGuid = {29FBA431-CD83-419D-8572-BF1440F04AFF}
	EndGlobalSection
EndGlobal
